
Microsoft Visual Studio Solution File, Format Version 12.00
Project("{2150E333-8FDC-42A3-9474-1A3956D46DE8}") = "src", "src", "{CEF553BB-0D52-48C5-99CD-C5CEB3E4BD10}"
EndProject
Project("{2150E333-8FDC-42A3-9474-1A3956D46DE8}") = "tests", "tests", "{1A1F9BA5-FBA7-4445-B125-3603431B7033}"
EndProject
Project("{FAE04EC0-301F-11D3-BF4B-00C04F79EFBC}") = "Zatsuon.NET", "src\Zatsuon.NET\Zatsuon.NET.csproj", "{A5F64C77-3D00-4B16-8E7A-59DA8A81DD27}"
EndProject
Global
	GlobalSection(SolutionConfigurationPlatforms) = preSolution
		Debug|Any CPU = Debug|Any CPU
		Release|Any CPU = Release|Any CPU
	EndGlobalSection
	GlobalSection(ProjectConfigurationPlatforms) = postSolution
		{A5F64C77-3D00-4B16-8E7A-59DA8A81DD27}.Debug|Any CPU.ActiveCfg = Debug|Any CPU
		{A5F64C77-3D00-4B16-8E7A-59DA8A81DD27}.Debug|Any CPU.Build.0 = Debug|Any CPU
		{A5F64C77-3D00-4B16-8E7A-59DA8A81DD27}.Release|Any CPU.ActiveCfg = Release|Any CPU
		{A5F64C77-3D00-4B16-8E7A-59DA8A81DD27}.Release|Any CPU.Build.0 = Release|Any CPU
	EndGlobalSection
	GlobalSection(NestedProjects) = preSolution
		{A5F64C77-3D00-4B16-8E7A-59DA8A81DD27} = {CEF553BB-0D52-48C5-99CD-C5CEB3E4BD10}
	EndGlobalSection
EndGlobal
